version = 1
requires-python = ">=3.10"

[[package]]
name = "advent-of-code-2024"
version = "0.1.0"
source = { virtual = "." }
dependencies = [
    { name = "cytoolz" },
    { name = "more-itertools" },
]

[package.dev-dependencies]
dev = [
    { name = "black" },
    { name = "mypy" },
    { name = "ruff" },
]

[package.metadata]
requires-dist = [
    { name = "cytoolz", specifier = ">=1.0.0" },
    { name = "more-itertools", specifier = ">=10.5.0" },
]

[package.metadata.requires-dev]
dev = [
    { name = "black", specifier = ">=24.10.0" },
    { name = "mypy", specifier = ">=1.13.0" },
    { name = "ruff", specifier = ">=0.8.1" },
]

[[package]]
name = "black"
version = "24.10.0"
source = { registry = "https://pypi.org/simple" }
dependencies = [
    { name = "click" },
    { name = "mypy-extensions" },
    { name = "packaging" },
    { name = "pathspec" },
    { name = "platformdirs" },
    { name = "tomli", marker = "python_full_version < '3.11'" },
    { name = "typing-extensions", marker = "python_full_version < '3.11'" },
]
sdist = { url = "https://files.pythonhosted.org/packages/d8/0d/cc2fb42b8c50d80143221515dd7e4766995bd07c56c9a3ed30baf080b6dc/black-24.10.0.tar.gz", hash = "sha256:846ea64c97afe3bc677b761787993be4991810ecc7a4a937816dd6bddedc4875", size = 645813 }
wheels = [
    { url = "https://files.pythonhosted.org/packages/a3/f3/465c0eb5cddf7dbbfe1fecd9b875d1dcf51b88923cd2c1d7e9ab95c6336b/black-24.10.0-cp310-cp310-macosx_10_9_x86_64.whl", hash = "sha256:e6668650ea4b685440857138e5fe40cde4d652633b1bdffc62933d0db4ed9812", size = 1623211 },
    { url = "https://files.pythonhosted.org/packages/df/57/b6d2da7d200773fdfcc224ffb87052cf283cec4d7102fab450b4a05996d8/black-24.10.0-cp310-cp310-macosx_11_0_arm64.whl", hash = "sha256:1c536fcf674217e87b8cc3657b81809d3c085d7bf3ef262ead700da345bfa6ea", size = 1457139 },
    { url = "https://files.pythonhosted.org/packages/6e/c5/9023b7673904a5188f9be81f5e129fff69f51f5515655fbd1d5a4e80a47b/black-24.10.0-cp310-cp310-manylinux_2_17_x86_64.manylinux2014_x86_64.manylinux_2_28_x86_64.whl", hash = "sha256:649fff99a20bd06c6f727d2a27f401331dc0cc861fb69cde910fe95b01b5928f", size = 1753774 },
    { url = "https://files.pythonhosted.org/packages/e1/32/df7f18bd0e724e0d9748829765455d6643ec847b3f87e77456fc99d0edab/black-24.10.0-cp310-cp310-win_amd64.whl", hash = "sha256:fe4d6476887de70546212c99ac9bd803d90b42fc4767f058a0baa895013fbb3e", size = 1414209 },
    { url = "https://files.pythonhosted.org/packages/c2/cc/7496bb63a9b06a954d3d0ac9fe7a73f3bf1cd92d7a58877c27f4ad1e9d41/black-24.10.0-cp311-cp311-macosx_10_9_x86_64.whl", hash = "sha256:5a2221696a8224e335c28816a9d331a6c2ae15a2ee34ec857dcf3e45dbfa99ad", size = 1607468 },
    { url = "https://files.pythonhosted.org/packages/2b/e3/69a738fb5ba18b5422f50b4f143544c664d7da40f09c13969b2fd52900e0/black-24.10.0-cp311-cp311-macosx_11_0_arm64.whl", hash = "sha256:f9da3333530dbcecc1be13e69c250ed8dfa67f43c4005fb537bb426e19200d50", size = 1437270 },
    { url = "https://files.pythonhosted.org/packages/c9/9b/2db8045b45844665c720dcfe292fdaf2e49825810c0103e1191515fc101a/black-24.10.0-cp311-cp311-manylinux_2_17_x86_64.manylinux2014_x86_64.manylinux_2_28_x86_64.whl", hash = "sha256:4007b1393d902b48b36958a216c20c4482f601569d19ed1df294a496eb366392", size = 1737061 },
    { url = "https://files.pythonhosted.org/packages/a3/95/17d4a09a5be5f8c65aa4a361444d95edc45def0de887810f508d3f65db7a/black-24.10.0-cp311-cp311-win_amd64.whl", hash = "sha256:394d4ddc64782e51153eadcaaca95144ac4c35e27ef9b0a42e121ae7e57a9175", size = 1423293 },
    { url = "https://files.pythonhosted.org/packages/90/04/bf74c71f592bcd761610bbf67e23e6a3cff824780761f536512437f1e655/black-24.10.0-cp312-cp312-macosx_10_13_x86_64.whl", hash = "sha256:b5e39e0fae001df40f95bd8cc36b9165c5e2ea88900167bddf258bacef9bbdc3", size = 1644256 },
    { url = "https://files.pythonhosted.org/packages/4c/ea/a77bab4cf1887f4b2e0bce5516ea0b3ff7d04ba96af21d65024629afedb6/black-24.10.0-cp312-cp312-macosx_11_0_arm64.whl", hash = "sha256:d37d422772111794b26757c5b55a3eade028aa3fde43121ab7b673d050949d65", size = 1448534 },
    { url = "https://files.pythonhosted.org/packages/4e/3e/443ef8bc1fbda78e61f79157f303893f3fddf19ca3c8989b163eb3469a12/black-24.10.0-cp312-cp312-manylinux_2_17_x86_64.manylinux2014_x86_64.manylinux_2_28_x86_64.whl", hash = "sha256:14b3502784f09ce2443830e3133dacf2c0110d45191ed470ecb04d0f5f6fcb0f", size = 1761892 },
    { url = "https://files.pythonhosted.org/packages/52/93/eac95ff229049a6901bc84fec6908a5124b8a0b7c26ea766b3b8a5debd22/black-24.10.0-cp312-cp312-win_amd64.whl", hash = "sha256:30d2c30dc5139211dda799758559d1b049f7f14c580c409d6ad925b74a4208a8", size = 1434796 },
    { url = "https://files.pythonhosted.org/packages/d0/a0/a993f58d4ecfba035e61fca4e9f64a2ecae838fc9f33ab798c62173ed75c/black-24.10.0-cp313-cp313-macosx_10_13_x86_64.whl", hash = "sha256:1cbacacb19e922a1d75ef2b6ccaefcd6e93a2c05ede32f06a21386a04cedb981", size = 1643986 },
    { url = "https://files.pythonhosted.org/packages/37/d5/602d0ef5dfcace3fb4f79c436762f130abd9ee8d950fa2abdbf8bbc555e0/black-24.10.0-cp313-cp313-macosx_11_0_arm64.whl", hash = "sha256:1f93102e0c5bb3907451063e08b9876dbeac810e7da5a8bfb7aeb5a9ef89066b", size = 1448085 },
    { url = "https://files.pythonhosted.org/packages/47/6d/a3a239e938960df1a662b93d6230d4f3e9b4a22982d060fc38c42f45a56b/black-24.10.0-cp313-cp313-manylinux_2_17_x86_64.manylinux2014_x86_64.manylinux_2_28_x86_64.whl", hash = "sha256:ddacb691cdcdf77b96f549cf9591701d8db36b2f19519373d60d31746068dbf2", size = 1760928 },
    { url = "https://files.pythonhosted.org/packages/dd/cf/af018e13b0eddfb434df4d9cd1b2b7892bab119f7a20123e93f6910982e8/black-24.10.0-cp313-cp313-win_amd64.whl", hash = "sha256:680359d932801c76d2e9c9068d05c6b107f2584b2a5b88831c83962eb9984c1b", size = 1436875 },
    { url = "https://files.pythonhosted.org/packages/8d/a7/4b27c50537ebca8bec139b872861f9d2bf501c5ec51fcf897cb924d9e264/black-24.10.0-py3-none-any.whl", hash = "sha256:3bb2b7a1f7b685f85b11fed1ef10f8a9148bceb49853e47a294a3dd963c1dd7d", size = 206898 },
]

[[package]]
name = "click"
version = "8.1.7"
source = { registry = "https://pypi.org/simple" }
dependencies = [
    { name = "colorama", marker = "platform_system == 'Windows'" },
]
sdist = { url = "https://files.pythonhosted.org/packages/96/d3/f04c7bfcf5c1862a2a5b845c6b2b360488cf47af55dfa79c98f6a6bf98b5/click-8.1.7.tar.gz", hash = "sha256:ca9853ad459e787e2192211578cc907e7594e294c7ccc834310722b41b9ca6de", size = 336121 }
wheels = [
    { url = "https://files.pythonhosted.org/packages/00/2e/d53fa4befbf2cfa713304affc7ca780ce4fc1fd8710527771b58311a3229/click-8.1.7-py3-none-any.whl", hash = "sha256:ae74fb96c20a0277a1d615f1e4d73c8414f5a98db8b799a7931d1582f3390c28", size = 97941 },
]

[[package]]
name = "colorama"
version = "0.4.6"
source = { registry = "https://pypi.org/simple" }
sdist = { url = "https://files.pythonhosted.org/packages/d8/53/6f443c9a4a8358a93a6792e2acffb9d9d5cb0a5cfd8802644b7b1c9a02e4/colorama-0.4.6.tar.gz", hash = "sha256:08695f5cb7ed6e0531a20572697297273c47b8cae5a63ffc6d6ed5c201be6e44", size = 27697 }
wheels = [
    { url = "https://files.pythonhosted.org/packages/d1/d6/3965ed04c63042e047cb6a3e6ed1a63a35087b6a609aa3a15ed8ac56c221/colorama-0.4.6-py2.py3-none-any.whl", hash = "sha256:4f1d9991f5acc0ca119f9d443620b77f9d6b33703e51011c16baf57afb285fc6", size = 25335 },
]

[[package]]
name = "cytoolz"
version = "1.0.0"
source = { registry = "https://pypi.org/simple" }
dependencies = [
    { name = "toolz" },
]
sdist = { url = "https://files.pythonhosted.org/packages/e2/4c/ca9b05bdfa28ddbb4a5365c27021a1d4be61db7d8f6b4e5d4e76aa4ba3b7/cytoolz-1.0.0.tar.gz", hash = "sha256:eb453b30182152f9917a5189b7d99046b6ce90cdf8aeb0feff4b2683e600defd", size = 626708 }
wheels = [
    { url = "https://files.pythonhosted.org/packages/4b/77/2afed35b93fdc38c4565ae79aca6b6149d0ea2fc4eeeca9b0adf9da04b9e/cytoolz-1.0.0-cp310-cp310-macosx_10_9_x86_64.whl", hash = "sha256:ecf5a887acb8f079ab1b81612b1c889bcbe6611aa7804fd2df46ed310aa5a345", size = 403505 },
    { url = "https://files.pythonhosted.org/packages/a8/dc/6b5af6932b656213883557dcc6b1f843ec302dc02fec4b75bf1356b938f9/cytoolz-1.0.0-cp310-cp310-macosx_11_0_arm64.whl", hash = "sha256:ef0ef30c1e091d4d59d14d8108a16d50bd227be5d52a47da891da5019ac2f8e4", size = 383918 },
    { url = "https://files.pythonhosted.org/packages/2e/8c/d42dc240cda418b8241541c240c4696cf99475141c4d58fbe89b8c39bac1/cytoolz-1.0.0-cp310-cp310-manylinux_2_17_aarch64.manylinux2014_aarch64.whl", hash = "sha256:7df2dfd679f0517a96ced1cdd22f5c6c6aeeed28d928a82a02bf4c3fd6fd7ac4", size = 1934558 },
    { url = "https://files.pythonhosted.org/packages/ff/74/af7863cc407ebf535aec9adf0cb72bbac2f036ec2550726d4d8ab00eb41c/cytoolz-1.0.0-cp310-cp310-manylinux_2_17_ppc64le.manylinux2014_ppc64le.whl", hash = "sha256:8c51452c938e610f57551aa96e34924169c9100c0448bac88c2fb395cbd3538c", size = 2015123 },
    { url = "https://files.pythonhosted.org/packages/01/98/83a0d9051e56e0b26a290439bd15b696c431c91d1dca384370cf9b23f04a/cytoolz-1.0.0-cp310-cp310-manylinux_2_17_s390x.manylinux2014_s390x.whl", hash = "sha256:6433f03910c5e5345d82d6299457c26bf33821224ebb837c6b09d9cdbc414a6c", size = 2000496 },
    { url = "https://files.pythonhosted.org/packages/d1/2d/ea68ba5d9c07f5d6cdb8ef85ec92f1a573deaad998807d035d2ef71aeb00/cytoolz-1.0.0-cp310-cp310-manylinux_2_17_x86_64.manylinux2014_x86_64.whl", hash = "sha256:389ec328bb535f09e71dfe658bf0041f17194ca4cedaacd39bafe7893497a819", size = 1957529 },
    { url = "https://files.pythonhosted.org/packages/7d/f3/e5b6b7128412bcb8d58c5cbd5a785befdc2c633502653937be41a54b2037/cytoolz-1.0.0-cp310-cp310-manylinux_2_5_i686.manylinux1_i686.manylinux_2_17_i686.manylinux2014_i686.whl", hash = "sha256:c64658e1209517ce4b54c1c9269a508b289d8d55fc742760e4b8579eacf09a33", size = 1863322 },
    { url = "https://files.pythonhosted.org/packages/ee/ff/534c227de78e9c45c6e764b46830640f73390b7fe5dd39556cd4de4fd3b8/cytoolz-1.0.0-cp310-cp310-musllinux_1_2_aarch64.whl", hash = "sha256:f6039a9bd5bb988762458b9ca82b39e60ca5e5baae2ba93913990dcc5d19fa88", size = 1849933 },
    { url = "https://files.pythonhosted.org/packages/ef/a9/7a51c084ceba8809f18aacb0bae86caf02aa5d5ebe5d5465819228a690d0/cytoolz-1.0.0-cp310-cp310-musllinux_1_2_i686.whl", hash = "sha256:85c9c8c4465ed1b2c8d67003809aec9627b129cb531d2f6cf0bbfe39952e7e4d", size = 1852341 },
    { url = "https://files.pythonhosted.org/packages/ae/01/9b00fa8956c6b76ffd72fc896b2ba4e06165d7f90e03cf4ff253a4282d01/cytoolz-1.0.0-cp310-cp310-musllinux_1_2_ppc64le.whl", hash = "sha256:49375aad431d76650f94877afb92f09f58b6ff9055079ef4f2cd55313f5a1b39", size = 1989871 },
    { url = "https://files.pythonhosted.org/packages/30/5a/3857a60ce3083d083fffcac13938ae045d22ee0a55f88b83a22443132e5d/cytoolz-1.0.0-cp310-cp310-musllinux_1_2_s390x.whl", hash = "sha256:4c45106171c824a61e755355520b646cb35a1987b34bbf5789443823ee137f63", size = 1994484 },
    { url = "https://files.pythonhosted.org/packages/6c/3d/8585a635ebeba67f234f7779926519fda732399dd875b7cdff2cb2a3bff7/cytoolz-1.0.0-cp310-cp310-musllinux_1_2_x86_64.whl", hash = "sha256:3b319a7f0fed5db07d189db4046162ebc183c108df3562a65ba6ebe862d1f634", size = 1896072 },
    { url = "https://files.pythonhosted.org/packages/4c/3f/9f208381c12d2c8437ea09eef56f12c6f44af74ef5bc7546ca4fb099979e/cytoolz-1.0.0-cp310-cp310-win32.whl", hash = "sha256:9770e1b09748ad0d751853d994991e2592a9f8c464a87014365f80dac2e83faa", size = 322319 },
    { url = "https://files.pythonhosted.org/packages/d7/95/cbc120ba4f70f874481f6ec650d26c265db1645fb5285a81e589d5831073/cytoolz-1.0.0-cp310-cp310-win_amd64.whl", hash = "sha256:20194dd02954c00c1f0755e636be75a20781f91a4ac9270c7f747e82d3c7f5a5", size = 363803 },
    { url = "https://files.pythonhosted.org/packages/bc/99/b489081777ad02c9bba294c757583416d0bdbd9403017145aba68145c16f/cytoolz-1.0.0-cp311-cp311-macosx_10_9_x86_64.whl", hash = "sha256:dffc22fd2c91be64dbdbc462d0786f8e8ac9a275cfa1869a1084d1867d4f67e0", size = 406148 },
    { url = "https://files.pythonhosted.org/packages/b2/d3/a4d58bf89924dbca34e8dbb643b26935e08c16b4a2ee255d43a8b7489939/cytoolz-1.0.0-cp311-cp311-macosx_11_0_arm64.whl", hash = "sha256:a99e7e29274e293f4ffe20e07f76c2ac753a78f1b40c1828dfc54b2981b2f6c4", size = 384956 },
    { url = "https://files.pythonhosted.org/packages/81/d4/4d09e6571ef3b143f668c590a7a00c97ff24e6df6901f457ea7c782cd2ba/cytoolz-1.0.0-cp311-cp311-manylinux_2_17_aarch64.manylinux2014_aarch64.whl", hash = "sha256:c507a3e0a45c41d66b43f96797290d75d1e7a8549aa03a4a6b8854fdf3f7b8d8", size = 2091688 },
    { url = "https://files.pythonhosted.org/packages/8d/7b/68c89bed2e0490e9b946574c3bc79711179f35b1dc5eb31046c535f1bed2/cytoolz-1.0.0-cp311-cp311-manylinux_2_17_ppc64le.manylinux2014_ppc64le.whl", hash = "sha256:643a593ec272ef7429099e1182a22f64ec2696c00d295d2a5be390db1b7ff176", size = 2188448 },
    { url = "https://files.pythonhosted.org/packages/56/a3/4e536fc7b72fd7495e19180463e8160a4fe1d50ab59a5854fc596621d5c3/cytoolz-1.0.0-cp311-cp311-manylinux_2_17_s390x.manylinux2014_s390x.whl", hash = "sha256:6ce38e2e42cbae30446190c59b92a8a9029e1806fd79eaf88f48b0fe33003893", size = 2174196 },
    { url = "https://files.pythonhosted.org/packages/5a/7f/0451778af9e22755a95ef4400ee7fc6e41387521ab0f17699593cb07169a/cytoolz-1.0.0-cp311-cp311-manylinux_2_17_x86_64.manylinux2014_x86_64.whl", hash = "sha256:810a6a168b8c5ecb412fbae3dd6f7ed6c6253a63caf4174ee9794ebd29b2224f", size = 2099823 },
    { url = "https://files.pythonhosted.org/packages/58/b7/8ffdef1ac8f74b0cc650b9d4a74d93d911a7e20fcf7cc0abac0f4bce225f/cytoolz-1.0.0-cp311-cp311-manylinux_2_5_i686.manylinux1_i686.manylinux_2_17_i686.manylinux2014_i686.whl", hash = "sha256:0ce8a2a85c0741c1b19b16e6782c4a5abc54c3caecda66793447112ab2fa9884", size = 1996733 },
    { url = "https://files.pythonhosted.org/packages/1c/ab/9c694c883f3038d167b797cc55c64c2bdb64146428000cea15f235f30a0f/cytoolz-1.0.0-cp311-cp311-musllinux_1_2_aarch64.whl", hash = "sha256:ea4ac72e6b830861035c4c7999af8e55813f57c6d1913a3d93cc4a6babc27bf7", size = 2013725 },
    { url = "https://files.pythonhosted.org/packages/6c/df/859faaee91c795dc969c79cd38159031f373828d44b0b18999feb7d9a44d/cytoolz-1.0.0-cp311-cp311-musllinux_1_2_i686.whl", hash = "sha256:a09cdfb21dfb38aa04df43e7546a41f673377eb5485da88ceb784e327ec7603b", size = 1994851 },
    { url = "https://files.pythonhosted.org/packages/34/2a/26ac5a34e859c5ba32351f5a74492f4ed12e7a7e75b6afccf11c4100aa70/cytoolz-1.0.0-cp311-cp311-musllinux_1_2_ppc64le.whl", hash = "sha256:658dd85deb375ff7af990a674e5c9058cef1c9d1f5dc89bc87b77be499348144", size = 2155343 },
    { url = "https://files.pythonhosted.org/packages/3d/41/f687d2e40407b29bfcce36a7d456dad368283ea543aa39da53bcc119974e/cytoolz-1.0.0-cp311-cp311-musllinux_1_2_s390x.whl", hash = "sha256:9715d1ff5576919d10b68f17241375f6a1eec8961c25b78a83e6ef1487053f39", size = 2163507 },
    { url = "https://files.pythonhosted.org/packages/39/7c/70d529f909d97ea214d59923c19e3d05a3768fe8e2066542b72550a31ca4/cytoolz-1.0.0-cp311-cp311-musllinux_1_2_x86_64.whl", hash = "sha256:f370a1f1f1afc5c1c8cc5edc1cfe0ba444263a0772af7ce094be8e734f41769d", size = 2054428 },
    { url = "https://files.pythonhosted.org/packages/5a/4a/7bb2eafe4077f6d9867547ca74ca4b75bc8a081e32a47e186e5c067f6cab/cytoolz-1.0.0-cp311-cp311-win32.whl", hash = "sha256:dbb2ec1177dca700f3db2127e572da20de280c214fc587b2a11c717fc421af56", size = 322300 },
    { url = "https://files.pythonhosted.org/packages/5a/ed/a1c955444343224ab1317a41f6575bc640055eb2495e8f9175f8f28bd776/cytoolz-1.0.0-cp311-cp311-win_amd64.whl", hash = "sha256:0983eee73df86e54bb4a79fcc4996aa8b8368fdbf43897f02f9c3bf39c4dc4fb", size = 365539 },
    { url = "https://files.pythonhosted.org/packages/28/2e/a8b71f74ee75f33164bfbc6324ddd1e8d0f425255b1c930141516f51d539/cytoolz-1.0.0-cp312-cp312-macosx_10_13_x86_64.whl", hash = "sha256:10e3986066dc379e30e225b230754d9f5996aa8d84c2accc69c473c21d261e46", size = 414110 },
    { url = "https://files.pythonhosted.org/packages/c6/0a/999af6bb896375b0c687e292a3dcd4edb338a2764bbac40c0ce11eb21c64/cytoolz-1.0.0-cp312-cp312-macosx_11_0_arm64.whl", hash = "sha256:16576f1bb143ee2cb9f719fcc4b845879fb121f9075c7c5e8a5ff4854bd02fc6", size = 390900 },
    { url = "https://files.pythonhosted.org/packages/30/04/02f0ee5339f8c6ef785f06caee85e17e8e0b406e7e553c8fd99a55ff8390/cytoolz-1.0.0-cp312-cp312-manylinux_2_17_aarch64.manylinux2014_aarch64.whl", hash = "sha256:3faa25a1840b984315e8b3ae517312375f4273ffc9a2f035f548b7f916884f37", size = 2090729 },
    { url = "https://files.pythonhosted.org/packages/04/de/296ded5f81ada90ae4db8c06cc34b142cf6c51fabb4c3c78583abba91c36/cytoolz-1.0.0-cp312-cp312-manylinux_2_17_ppc64le.manylinux2014_ppc64le.whl", hash = "sha256:781fce70a277b20fd95dc66811d1a97bb07b611ceea9bda8b7dd3c6a4b05d59a", size = 2155926 },
    { url = "https://files.pythonhosted.org/packages/cc/ce/d5782bdd3d2fd16d87e83e70e14fcfa65ba67ba21cf7e1007505baef7d79/cytoolz-1.0.0-cp312-cp312-manylinux_2_17_s390x.manylinux2014_s390x.whl", hash = "sha256:7a562c25338eb24d419d1e80a7ae12133844ce6fdeb4ab54459daf250088a1b2", size = 2171893 },
    { url = "https://files.pythonhosted.org/packages/d0/02/22a8c74ff13f8a08e8cacd0a0aa34da3a6e3637cf477e376efc61f7567e5/cytoolz-1.0.0-cp312-cp312-manylinux_2_17_x86_64.manylinux2014_x86_64.whl", hash = "sha256:f29d8330aaf070304f7cd5cb7e73e198753624eb0aec278557cccd460c699b5b", size = 2125265 },
    { url = "https://files.pythonhosted.org/packages/50/d1/a3f2e2ced1fa7e2b5607d05ed4de9951491004a4804e96f78778d11bebd4/cytoolz-1.0.0-cp312-cp312-manylinux_2_5_i686.manylinux1_i686.manylinux_2_17_i686.manylinux2014_i686.whl", hash = "sha256:98a96c54aa55ed9c7cdb23c2f0df39a7b4ee518ac54888480b5bdb5ef69c7ef0", size = 1973962 },
    { url = "https://files.pythonhosted.org/packages/3e/10/174d9585e1011824e2e6e79380f8b1c6e49070c35a278d823d996d1c11e6/cytoolz-1.0.0-cp312-cp312-musllinux_1_2_aarch64.whl", hash = "sha256:287d6d7f475882c2ddcbedf8da9a9b37d85b77690779a2d1cdceb5ae3998d52e", size = 2021691 },
    { url = "https://files.pythonhosted.org/packages/84/aa/bebdca3ae140698d3d4fe75ffd4c87a15ee999cee6b994e0831e5a24cdd7/cytoolz-1.0.0-cp312-cp312-musllinux_1_2_i686.whl", hash = "sha256:05a871688df749b982839239fcd3f8ec3b3b4853775d575ff9cd335fa7c75035", size = 2010169 },
    { url = "https://files.pythonhosted.org/packages/2e/9f/8d5940c953534a4d2ae4419bb4fdc1eb5559345fed1f4838708073d7e6b4/cytoolz-1.0.0-cp312-cp312-musllinux_1_2_ppc64le.whl", hash = "sha256:28bb88e1e2f7d6d4b8e0890b06d292c568984d717de3e8381f2ca1dd12af6470", size = 2154314 },
    { url = "https://files.pythonhosted.org/packages/84/bf/a5414601c95afde30a0c038c5d6273c188f1da8ff25a057bd0c683679e5c/cytoolz-1.0.0-cp312-cp312-musllinux_1_2_s390x.whl", hash = "sha256:576a4f1fc73d8836b10458b583f915849da6e4f7914f4ecb623ad95c2508cad5", size = 2188368 },
    { url = "https://files.pythonhosted.org/packages/67/fe/990ea30d56b9b6602f3bf4af77a1bfd9233e6ffb761b11b8864619fed508/cytoolz-1.0.0-cp312-cp312-musllinux_1_2_x86_64.whl", hash = "sha256:509ed3799c47e4ada14f63e41e8f540ac6e2dab97d5d7298934e6abb9d3830ec", size = 2077906 },
    { url = "https://files.pythonhosted.org/packages/ab/95/94b936501e1e23460732631e5d7c6efc4f6c09df21a594dfca9bf30b9411/cytoolz-1.0.0-cp312-cp312-win32.whl", hash = "sha256:9ce25f02b910630f6dc2540dd1e26c9326027ddde6c59f8cab07c56acc70714c", size = 322445 },
    { url = "https://files.pythonhosted.org/packages/be/04/a49b73591b132be5a28c0670229629a3c002cfac59582a1d38b16bdc6fed/cytoolz-1.0.0-cp312-cp312-win_amd64.whl", hash = "sha256:7e53cfcce87e05b7f0ae2fb2b3e5820048cd0bb7b701e92bd8f75c9fbb7c9ae9", size = 364595 },
    { url = "https://files.pythonhosted.org/packages/16/7c/8b9fc006925b08579ae35293ad7d14fea4ee94edf1efaaa17e1bdde85b9a/cytoolz-1.0.0-pp310-pypy310_pp73-macosx_10_15_x86_64.whl", hash = "sha256:e672712d5dc3094afc6fb346dd4e9c18c1f3c69608ddb8cf3b9f8428f9c26a5c", size = 345694 },
    { url = "https://files.pythonhosted.org/packages/76/d1/159cc7c0c86d6fb8177be437dd6112d90c7f40ef0ceda2102472242b0ccf/cytoolz-1.0.0-pp310-pypy310_pp73-manylinux_2_17_aarch64.manylinux2014_aarch64.whl", hash = "sha256:86fb208bfb7420e1d0d20065d661310e4a8a6884851d4044f47d37ed4cd7410e", size = 385691 },
    { url = "https://files.pythonhosted.org/packages/43/99/21361970f2d7cce241f116d84e8f5c21f1440414be96d0c8cad7832d35cb/cytoolz-1.0.0-pp310-pypy310_pp73-manylinux_2_5_i686.manylinux1_i686.manylinux_2_17_i686.manylinux2014_i686.whl", hash = "sha256:6dbe5fe3b835859fc559eb59bf2775b5a108f7f2cfab0966f3202859d787d8fd", size = 406251 },
    { url = "https://files.pythonhosted.org/packages/d8/98/bc3d6eadb495de0d48c4d738e5ee6f011d8adbf6a3fcc1f7c17d05bc49d3/cytoolz-1.0.0-pp310-pypy310_pp73-manylinux_2_5_x86_64.manylinux1_x86_64.manylinux_2_17_x86_64.manylinux2014_x86_64.whl", hash = "sha256:0cace092dfda174eed09ed871793beb5b65633963bcda5b1632c73a5aceea1ce", size = 397203 },
    { url = "https://files.pythonhosted.org/packages/91/b1/df1ed78f08abe8781376bd197532e6e4b38bb3595dd82f6a2b8751407a52/cytoolz-1.0.0-pp310-pypy310_pp73-win_amd64.whl", hash = "sha256:f7a9d816af3be9725c70efe0a6e4352a45d3877751b395014b8eb2f79d7d8d9d", size = 343504 },
]

[[package]]
name = "more-itertools"
version = "10.5.0"
source = { registry = "https://pypi.org/simple" }
sdist = { url = "https://files.pythonhosted.org/packages/51/78/65922308c4248e0eb08ebcbe67c95d48615cc6f27854b6f2e57143e9178f/more-itertools-10.5.0.tar.gz", hash = "sha256:5482bfef7849c25dc3c6dd53a6173ae4795da2a41a80faea6700d9f5846c5da6", size = 121020 }
wheels = [
    { url = "https://files.pythonhosted.org/packages/48/7e/3a64597054a70f7c86eb0a7d4fc315b8c1ab932f64883a297bdffeb5f967/more_itertools-10.5.0-py3-none-any.whl", hash = "sha256:037b0d3203ce90cca8ab1defbbdac29d5f993fc20131f3664dc8d6acfa872aef", size = 60952 },
]

[[package]]
name = "mypy"
version = "1.13.0"
source = { registry = "https://pypi.org/simple" }
dependencies = [
    { name = "mypy-extensions" },
    { name = "tomli", marker = "python_full_version < '3.11'" },
    { name = "typing-extensions" },
]
sdist = { url = "https://files.pythonhosted.org/packages/e8/21/7e9e523537991d145ab8a0a2fd98548d67646dc2aaaf6091c31ad883e7c1/mypy-1.13.0.tar.gz", hash = "sha256:0291a61b6fbf3e6673e3405cfcc0e7650bebc7939659fdca2702958038bd835e", size = 3152532 }
wheels = [
    { url = "https://files.pythonhosted.org/packages/5e/8c/206de95a27722b5b5a8c85ba3100467bd86299d92a4f71c6b9aa448bfa2f/mypy-1.13.0-cp310-cp310-macosx_10_9_x86_64.whl", hash = "sha256:6607e0f1dd1fb7f0aca14d936d13fd19eba5e17e1cd2a14f808fa5f8f6d8f60a", size = 11020731 },
    { url = "https://files.pythonhosted.org/packages/ab/bb/b31695a29eea76b1569fd28b4ab141a1adc9842edde080d1e8e1776862c7/mypy-1.13.0-cp310-cp310-macosx_11_0_arm64.whl", hash = "sha256:8a21be69bd26fa81b1f80a61ee7ab05b076c674d9b18fb56239d72e21d9f4c80", size = 10184276 },
    { url = "https://files.pythonhosted.org/packages/a5/2d/4a23849729bb27934a0e079c9c1aad912167d875c7b070382a408d459651/mypy-1.13.0-cp310-cp310-manylinux_2_17_x86_64.manylinux2014_x86_64.manylinux_2_28_x86_64.whl", hash = "sha256:7b2353a44d2179846a096e25691d54d59904559f4232519d420d64da6828a3a7", size = 12587706 },
    { url = "https://files.pythonhosted.org/packages/5c/c3/d318e38ada50255e22e23353a469c791379825240e71b0ad03e76ca07ae6/mypy-1.13.0-cp310-cp310-musllinux_1_1_x86_64.whl", hash = "sha256:0730d1c6a2739d4511dc4253f8274cdd140c55c32dfb0a4cf8b7a43f40abfa6f", size = 13105586 },
    { url = "https://files.pythonhosted.org/packages/4a/25/3918bc64952370c3dbdbd8c82c363804678127815febd2925b7273d9482c/mypy-1.13.0-cp310-cp310-win_amd64.whl", hash = "sha256:c5fc54dbb712ff5e5a0fca797e6e0aa25726c7e72c6a5850cfd2adbc1eb0a372", size = 9632318 },
    { url = "https://files.pythonhosted.org/packages/d0/19/de0822609e5b93d02579075248c7aa6ceaddcea92f00bf4ea8e4c22e3598/mypy-1.13.0-cp311-cp311-macosx_10_9_x86_64.whl", hash = "sha256:581665e6f3a8a9078f28d5502f4c334c0c8d802ef55ea0e7276a6e409bc0d82d", size = 10939027 },
    { url = "https://files.pythonhosted.org/packages/c8/71/6950fcc6ca84179137e4cbf7cf41e6b68b4a339a1f5d3e954f8c34e02d66/mypy-1.13.0-cp311-cp311-macosx_11_0_arm64.whl", hash = "sha256:3ddb5b9bf82e05cc9a627e84707b528e5c7caaa1c55c69e175abb15a761cec2d", size = 10108699 },
    { url = "https://files.pythonhosted.org/packages/26/50/29d3e7dd166e74dc13d46050b23f7d6d7533acf48f5217663a3719db024e/mypy-1.13.0-cp311-cp311-manylinux_2_17_x86_64.manylinux2014_x86_64.manylinux_2_28_x86_64.whl", hash = "sha256:20c7ee0bc0d5a9595c46f38beb04201f2620065a93755704e141fcac9f59db2b", size = 12506263 },
    { url = "https://files.pythonhosted.org/packages/3f/1d/676e76f07f7d5ddcd4227af3938a9c9640f293b7d8a44dd4ff41d4db25c1/mypy-1.13.0-cp311-cp311-musllinux_1_1_x86_64.whl", hash = "sha256:3790ded76f0b34bc9c8ba4def8f919dd6a46db0f5a6610fb994fe8efdd447f73", size = 12984688 },
    { url = "https://files.pythonhosted.org/packages/9c/03/5a85a30ae5407b1d28fab51bd3e2103e52ad0918d1e68f02a7778669a307/mypy-1.13.0-cp311-cp311-win_amd64.whl", hash = "sha256:51f869f4b6b538229c1d1bcc1dd7d119817206e2bc54e8e374b3dfa202defcca", size = 9626811 },
    { url = "https://files.pythonhosted.org/packages/fb/31/c526a7bd2e5c710ae47717c7a5f53f616db6d9097caf48ad650581e81748/mypy-1.13.0-cp312-cp312-macosx_10_13_x86_64.whl", hash = "sha256:5c7051a3461ae84dfb5dd15eff5094640c61c5f22257c8b766794e6dd85e72d5", size = 11077900 },
    { url = "https://files.pythonhosted.org/packages/83/67/b7419c6b503679d10bd26fc67529bc6a1f7a5f220bbb9f292dc10d33352f/mypy-1.13.0-cp312-cp312-macosx_11_0_arm64.whl", hash = "sha256:39bb21c69a5d6342f4ce526e4584bc5c197fd20a60d14a8624d8743fffb9472e", size = 10074818 },
    { url = "https://files.pythonhosted.org/packages/ba/07/37d67048786ae84e6612575e173d713c9a05d0ae495dde1e68d972207d98/mypy-1.13.0-cp312-cp312-manylinux_2_17_x86_64.manylinux2014_x86_64.manylinux_2_28_x86_64.whl", hash = "sha256:164f28cb9d6367439031f4c81e84d3ccaa1e19232d9d05d37cb0bd880d3f93c2", size = 12589275 },
    { url = "https://files.pythonhosted.org/packages/1f/17/b1018c6bb3e9f1ce3956722b3bf91bff86c1cefccca71cec05eae49d6d41/mypy-1.13.0-cp312-cp312-musllinux_1_1_x86_64.whl", hash = "sha256:a4c1bfcdbce96ff5d96fc9b08e3831acb30dc44ab02671eca5953eadad07d6d0", size = 13037783 },
    { url = "https://files.pythonhosted.org/packages/cb/32/cd540755579e54a88099aee0287086d996f5a24281a673f78a0e14dba150/mypy-1.13.0-cp312-cp312-win_amd64.whl", hash = "sha256:a0affb3a79a256b4183ba09811e3577c5163ed06685e4d4b46429a271ba174d2", size = 9726197 },
    { url = "https://files.pythonhosted.org/packages/11/bb/ab4cfdc562cad80418f077d8be9b4491ee4fb257440da951b85cbb0a639e/mypy-1.13.0-cp313-cp313-macosx_10_13_x86_64.whl", hash = "sha256:a7b44178c9760ce1a43f544e595d35ed61ac2c3de306599fa59b38a6048e1aa7", size = 11069721 },
    { url = "https://files.pythonhosted.org/packages/59/3b/a393b1607cb749ea2c621def5ba8c58308ff05e30d9dbdc7c15028bca111/mypy-1.13.0-cp313-cp313-macosx_11_0_arm64.whl", hash = "sha256:5d5092efb8516d08440e36626f0153b5006d4088c1d663d88bf79625af3d1d62", size = 10063996 },
    { url = "https://files.pythonhosted.org/packages/d1/1f/6b76be289a5a521bb1caedc1f08e76ff17ab59061007f201a8a18cc514d1/mypy-1.13.0-cp313-cp313-manylinux_2_17_x86_64.manylinux2014_x86_64.manylinux_2_28_x86_64.whl", hash = "sha256:de2904956dac40ced10931ac967ae63c5089bd498542194b436eb097a9f77bc8", size = 12584043 },
    { url = "https://files.pythonhosted.org/packages/a6/83/5a85c9a5976c6f96e3a5a7591aa28b4a6ca3a07e9e5ba0cec090c8b596d6/mypy-1.13.0-cp313-cp313-musllinux_1_1_x86_64.whl", hash = "sha256:7bfd8836970d33c2105562650656b6846149374dc8ed77d98424b40b09340ba7", size = 13036996 },
    { url = "https://files.pythonhosted.org/packages/b4/59/c39a6f752f1f893fccbcf1bdd2aca67c79c842402b5283563d006a67cf76/mypy-1.13.0-cp313-cp313-win_amd64.whl", hash = "sha256:9f73dba9ec77acb86457a8fc04b5239822df0c14a082564737833d2963677dbc", size = 9737709 },
    { url = "https://files.pythonhosted.org/packages/3b/86/72ce7f57431d87a7ff17d442f521146a6585019eb8f4f31b7c02801f78ad/mypy-1.13.0-py3-none-any.whl", hash = "sha256:9c250883f9fd81d212e0952c92dbfcc96fc237f4b7c92f56ac81fd48460b3e5a", size = 2647043 },
]

[[package]]
name = "mypy-extensions"
version = "1.0.0"
source = { registry = "https://pypi.org/simple" }
sdist = { url = "https://files.pythonhosted.org/packages/98/a4/1ab47638b92648243faf97a5aeb6ea83059cc3624972ab6b8d2316078d3f/mypy_extensions-1.0.0.tar.gz", hash = "sha256:75dbf8955dc00442a438fc4d0666508a9a97b6bd41aa2f0ffe9d2f2725af0782", size = 4433 }
wheels = [
    { url = "https://files.pythonhosted.org/packages/2a/e2/5d3f6ada4297caebe1a2add3b126fe800c96f56dbe5d1988a2cbe0b267aa/mypy_extensions-1.0.0-py3-none-any.whl", hash = "sha256:4392f6c0eb8a5668a69e23d168ffa70f0be9ccfd32b5cc2d26a34ae5b844552d", size = 4695 },
]

[[package]]
name = "packaging"
version = "24.2"
source = { registry = "https://pypi.org/simple" }
sdist = { url = "https://files.pythonhosted.org/packages/d0/63/68dbb6eb2de9cb10ee4c9c14a0148804425e13c4fb20d61cce69f53106da/packaging-24.2.tar.gz", hash = "sha256:c228a6dc5e932d346bc5739379109d49e8853dd8223571c7c5b55260edc0b97f", size = 163950 }
wheels = [
    { url = "https://files.pythonhosted.org/packages/88/ef/eb23f262cca3c0c4eb7ab1933c3b1f03d021f2c48f54763065b6f0e321be/packaging-24.2-py3-none-any.whl", hash = "sha256:09abb1bccd265c01f4a3aa3f7a7db064b36514d2cba19a2f694fe6150451a759", size = 65451 },
]

[[package]]
name = "pathspec"
version = "0.12.1"
source = { registry = "https://pypi.org/simple" }
sdist = { url = "https://files.pythonhosted.org/packages/ca/bc/f35b8446f4531a7cb215605d100cd88b7ac6f44ab3fc94870c120ab3adbf/pathspec-0.12.1.tar.gz", hash = "sha256:a482d51503a1ab33b1c67a6c3813a26953dbdc71c31dacaef9a838c4e29f5712", size = 51043 }
wheels = [
    { url = "https://files.pythonhosted.org/packages/cc/20/ff623b09d963f88bfde16306a54e12ee5ea43e9b597108672ff3a408aad6/pathspec-0.12.1-py3-none-any.whl", hash = "sha256:a0d503e138a4c123b27490a4f7beda6a01c6f288df0e4a8b79c7eb0dc7b4cc08", size = 31191 },
]

[[package]]
name = "platformdirs"
version = "4.3.6"
source = { registry = "https://pypi.org/simple" }
sdist = { url = "https://files.pythonhosted.org/packages/13/fc/128cc9cb8f03208bdbf93d3aa862e16d376844a14f9a0ce5cf4507372de4/platformdirs-4.3.6.tar.gz", hash = "sha256:357fb2acbc885b0419afd3ce3ed34564c13c9b95c89360cd9563f73aa5e2b907", size = 21302 }
wheels = [
    { url = "https://files.pythonhosted.org/packages/3c/a6/bc1012356d8ece4d66dd75c4b9fc6c1f6650ddd5991e421177d9f8f671be/platformdirs-4.3.6-py3-none-any.whl", hash = "sha256:73e575e1408ab8103900836b97580d5307456908a03e92031bab39e4554cc3fb", size = 18439 },
]

[[package]]
name = "ruff"
version = "0.8.1"
source = { registry = "https://pypi.org/simple" }
sdist = { url = "https://files.pythonhosted.org/packages/95/d0/8ff5b189d125f4260f2255d143bf2fa413b69c2610c405ace7a0a8ec81ec/ruff-0.8.1.tar.gz", hash = "sha256:3583db9a6450364ed5ca3f3b4225958b24f78178908d5c4bc0f46251ccca898f", size = 3313222 }
wheels = [
    { url = "https://files.pythonhosted.org/packages/a2/d6/1a6314e568db88acdbb5121ed53e2c52cebf3720d3437a76f82f923bf171/ruff-0.8.1-py3-none-linux_armv6l.whl", hash = "sha256:fae0805bd514066f20309f6742f6ee7904a773eb9e6c17c45d6b1600ca65c9b5", size = 10532605 },
    { url = "https://files.pythonhosted.org/packages/89/a8/a957a8812e31facffb6a26a30be0b5b4af000a6e30c7d43a22a5232a3398/ruff-0.8.1-py3-none-macosx_10_12_x86_64.whl", hash = "sha256:b8a4f7385c2285c30f34b200ca5511fcc865f17578383db154e098150ce0a087", size = 10278243 },
    { url = "https://files.pythonhosted.org/packages/a8/23/9db40fa19c453fabf94f7a35c61c58f20e8200b4734a20839515a19da790/ruff-0.8.1-py3-none-macosx_11_0_arm64.whl", hash = "sha256:cd054486da0c53e41e0086e1730eb77d1f698154f910e0cd9e0d64274979a209", size = 9917739 },
    { url = "https://files.pythonhosted.org/packages/e2/a0/6ee2d949835d5701d832fc5acd05c0bfdad5e89cfdd074a171411f5ccad5/ruff-0.8.1-py3-none-manylinux_2_17_aarch64.manylinux2014_aarch64.whl", hash = "sha256:2029b8c22da147c50ae577e621a5bfbc5d1fed75d86af53643d7a7aee1d23871", size = 10779153 },
    { url = "https://files.pythonhosted.org/packages/7a/25/9c11dca9404ef1eb24833f780146236131a3c7941de394bc356912ef1041/ruff-0.8.1-py3-none-manylinux_2_17_armv7l.manylinux2014_armv7l.whl", hash = "sha256:2666520828dee7dfc7e47ee4ea0d928f40de72056d929a7c5292d95071d881d1", size = 10304387 },
    { url = "https://files.pythonhosted.org/packages/c8/b9/84c323780db1b06feae603a707d82dbbd85955c8c917738571c65d7d5aff/ruff-0.8.1-py3-none-manylinux_2_17_i686.manylinux2014_i686.whl", hash = "sha256:333c57013ef8c97a53892aa56042831c372e0bb1785ab7026187b7abd0135ad5", size = 11360351 },
    { url = "https://files.pythonhosted.org/packages/6b/e1/9d4bbb2ace7aad14ded20e4674a48cda5b902aed7a1b14e6b028067060c4/ruff-0.8.1-py3-none-manylinux_2_17_ppc64.manylinux2014_ppc64.whl", hash = "sha256:288326162804f34088ac007139488dcb43de590a5ccfec3166396530b58fb89d", size = 12022879 },
    { url = "https://files.pythonhosted.org/packages/75/28/752ff6120c0e7f9981bc4bc275d540c7f36db1379ba9db9142f69c88db21/ruff-0.8.1-py3-none-manylinux_2_17_ppc64le.manylinux2014_ppc64le.whl", hash = "sha256:b12c39b9448632284561cbf4191aa1b005882acbc81900ffa9f9f471c8ff7e26", size = 11610354 },
    { url = "https://files.pythonhosted.org/packages/ba/8c/967b61c2cc8ebd1df877607fbe462bc1e1220b4a30ae3352648aec8c24bd/ruff-0.8.1-py3-none-manylinux_2_17_s390x.manylinux2014_s390x.whl", hash = "sha256:364e6674450cbac8e998f7b30639040c99d81dfb5bbc6dfad69bc7a8f916b3d1", size = 12813976 },
    { url = "https://files.pythonhosted.org/packages/7f/29/e059f945d6bd2d90213387b8c360187f2fefc989ddcee6bbf3c241329b92/ruff-0.8.1-py3-none-manylinux_2_17_x86_64.manylinux2014_x86_64.whl", hash = "sha256:b22346f845fec132aa39cd29acb94451d030c10874408dbf776af3aaeb53284c", size = 11154564 },
    { url = "https://files.pythonhosted.org/packages/55/47/cbd05e5a62f3fb4c072bc65c1e8fd709924cad1c7ec60a1000d1e4ee8307/ruff-0.8.1-py3-none-musllinux_1_2_aarch64.whl", hash = "sha256:b2f2f7a7e7648a2bfe6ead4e0a16745db956da0e3a231ad443d2a66a105c04fa", size = 10760604 },
    { url = "https://files.pythonhosted.org/packages/bb/ee/4c3981c47147c72647a198a94202633130cfda0fc95cd863a553b6f65c6a/ruff-0.8.1-py3-none-musllinux_1_2_armv7l.whl", hash = "sha256:adf314fc458374c25c5c4a4a9270c3e8a6a807b1bec018cfa2813d6546215540", size = 10391071 },
    { url = "https://files.pythonhosted.org/packages/6b/e6/083eb61300214590b188616a8ac6ae1ef5730a0974240fb4bec9c17de78b/ruff-0.8.1-py3-none-musllinux_1_2_i686.whl", hash = "sha256:a885d68342a231b5ba4d30b8c6e1b1ee3a65cf37e3d29b3c74069cdf1ee1e3c9", size = 10896657 },
    { url = "https://files.pythonhosted.org/packages/77/bd/aacdb8285d10f1b943dbeb818968efca35459afc29f66ae3bd4596fbf954/ruff-0.8.1-py3-none-musllinux_1_2_x86_64.whl", hash = "sha256:d2c16e3508c8cc73e96aa5127d0df8913d2290098f776416a4b157657bee44c5", size = 11228362 },
    { url = "https://files.pythonhosted.org/packages/39/72/fcb7ad41947f38b4eaa702aca0a361af0e9c2bf671d7fd964480670c297e/ruff-0.8.1-py3-none-win32.whl", hash = "sha256:93335cd7c0eaedb44882d75a7acb7df4b77cd7cd0d2255c93b28791716e81790", size = 8803476 },
    { url = "https://files.pythonhosted.org/packages/e4/ea/cae9aeb0f4822c44651c8407baacdb2e5b4dcd7b31a84e1c5df33aa2cc20/ruff-0.8.1-py3-none-win_amd64.whl", hash = "sha256:2954cdbe8dfd8ab359d4a30cd971b589d335a44d444b6ca2cb3d1da21b75e4b6", size = 9614463 },
    { url = "https://files.pythonhosted.org/packages/eb/76/fbb4bd23dfb48fa7758d35b744413b650a9fd2ddd93bca77e30376864414/ruff-0.8.1-py3-none-win_arm64.whl", hash = "sha256:55873cc1a473e5ac129d15eccb3c008c096b94809d693fc7053f588b67822737", size = 8959621 },
]

[[package]]
name = "tomli"
version = "2.2.1"
source = { registry = "https://pypi.org/simple" }
sdist = { url = "https://files.pythonhosted.org/packages/18/87/302344fed471e44a87289cf4967697d07e532f2421fdaf868a303cbae4ff/tomli-2.2.1.tar.gz", hash = "sha256:cd45e1dc79c835ce60f7404ec8119f2eb06d38b1deba146f07ced3bbc44505ff", size = 17175 }
wheels = [
    { url = "https://files.pythonhosted.org/packages/43/ca/75707e6efa2b37c77dadb324ae7d9571cb424e61ea73fad7c56c2d14527f/tomli-2.2.1-cp311-cp311-macosx_10_9_x86_64.whl", hash = "sha256:678e4fa69e4575eb77d103de3df8a895e1591b48e740211bd1067378c69e8249", size = 131077 },
    { url = "https://files.pythonhosted.org/packages/c7/16/51ae563a8615d472fdbffc43a3f3d46588c264ac4f024f63f01283becfbb/tomli-2.2.1-cp311-cp311-macosx_11_0_arm64.whl", hash = "sha256:023aa114dd824ade0100497eb2318602af309e5a55595f76b626d6d9f3b7b0a6", size = 123429 },
    { url = "https://files.pythonhosted.org/packages/f1/dd/4f6cd1e7b160041db83c694abc78e100473c15d54620083dbd5aae7b990e/tomli-2.2.1-cp311-cp311-manylinux_2_17_aarch64.manylinux2014_aarch64.whl", hash = "sha256:ece47d672db52ac607a3d9599a9d48dcb2f2f735c6c2d1f34130085bb12b112a", size = 226067 },
    { url = "https://files.pythonhosted.org/packages/a9/6b/c54ede5dc70d648cc6361eaf429304b02f2871a345bbdd51e993d6cdf550/tomli-2.2.1-cp311-cp311-manylinux_2_17_x86_64.manylinux2014_x86_64.whl", hash = "sha256:6972ca9c9cc9f0acaa56a8ca1ff51e7af152a9f87fb64623e31d5c83700080ee", size = 236030 },
    { url = "https://files.pythonhosted.org/packages/1f/47/999514fa49cfaf7a92c805a86c3c43f4215621855d151b61c602abb38091/tomli-2.2.1-cp311-cp311-manylinux_2_5_i686.manylinux1_i686.manylinux_2_17_i686.manylinux2014_i686.whl", hash = "sha256:c954d2250168d28797dd4e3ac5cf812a406cd5a92674ee4c8f123c889786aa8e", size = 240898 },
    { url = "https://files.pythonhosted.org/packages/73/41/0a01279a7ae09ee1573b423318e7934674ce06eb33f50936655071d81a24/tomli-2.2.1-cp311-cp311-musllinux_1_2_aarch64.whl", hash = "sha256:8dd28b3e155b80f4d54beb40a441d366adcfe740969820caf156c019fb5c7ec4", size = 229894 },
    { url = "https://files.pythonhosted.org/packages/55/18/5d8bc5b0a0362311ce4d18830a5d28943667599a60d20118074ea1b01bb7/tomli-2.2.1-cp311-cp311-musllinux_1_2_i686.whl", hash = "sha256:e59e304978767a54663af13c07b3d1af22ddee3bb2fb0618ca1593e4f593a106", size = 245319 },
    { url = "https://files.pythonhosted.org/packages/92/a3/7ade0576d17f3cdf5ff44d61390d4b3febb8a9fc2b480c75c47ea048c646/tomli-2.2.1-cp311-cp311-musllinux_1_2_x86_64.whl", hash = "sha256:33580bccab0338d00994d7f16f4c4ec25b776af3ffaac1ed74e0b3fc95e885a8", size = 238273 },
    { url = "https://files.pythonhosted.org/packages/72/6f/fa64ef058ac1446a1e51110c375339b3ec6be245af9d14c87c4a6412dd32/tomli-2.2.1-cp311-cp311-win32.whl", hash = "sha256:465af0e0875402f1d226519c9904f37254b3045fc5084697cefb9bdde1ff99ff", size = 98310 },
    { url = "https://files.pythonhosted.org/packages/6a/1c/4a2dcde4a51b81be3530565e92eda625d94dafb46dbeb15069df4caffc34/tomli-2.2.1-cp311-cp311-win_amd64.whl", hash = "sha256:2d0f2fdd22b02c6d81637a3c95f8cd77f995846af7414c5c4b8d0545afa1bc4b", size = 108309 },
    { url = "https://files.pythonhosted.org/packages/52/e1/f8af4c2fcde17500422858155aeb0d7e93477a0d59a98e56cbfe75070fd0/tomli-2.2.1-cp312-cp312-macosx_10_13_x86_64.whl", hash = "sha256:4a8f6e44de52d5e6c657c9fe83b562f5f4256d8ebbfe4ff922c495620a7f6cea", size = 132762 },
    { url = "https://files.pythonhosted.org/packages/03/b8/152c68bb84fc00396b83e7bbddd5ec0bd3dd409db4195e2a9b3e398ad2e3/tomli-2.2.1-cp312-cp312-macosx_11_0_arm64.whl", hash = "sha256:8d57ca8095a641b8237d5b079147646153d22552f1c637fd3ba7f4b0b29167a8", size = 123453 },
    { url = "https://files.pythonhosted.org/packages/c8/d6/fc9267af9166f79ac528ff7e8c55c8181ded34eb4b0e93daa767b8841573/tomli-2.2.1-cp312-cp312-manylinux_2_17_aarch64.manylinux2014_aarch64.whl", hash = "sha256:4e340144ad7ae1533cb897d406382b4b6fede8890a03738ff1683af800d54192", size = 233486 },
    { url = "https://files.pythonhosted.org/packages/5c/51/51c3f2884d7bab89af25f678447ea7d297b53b5a3b5730a7cb2ef6069f07/tomli-2.2.1-cp312-cp312-manylinux_2_17_x86_64.manylinux2014_x86_64.whl", hash = "sha256:db2b95f9de79181805df90bedc5a5ab4c165e6ec3fe99f970d0e302f384ad222", size = 242349 },
    { url = "https://files.pythonhosted.org/packages/ab/df/bfa89627d13a5cc22402e441e8a931ef2108403db390ff3345c05253935e/tomli-2.2.1-cp312-cp312-manylinux_2_5_i686.manylinux1_i686.manylinux_2_17_i686.manylinux2014_i686.whl", hash = "sha256:40741994320b232529c802f8bc86da4e1aa9f413db394617b9a256ae0f9a7f77", size = 252159 },
    { url = "https://files.pythonhosted.org/packages/9e/6e/fa2b916dced65763a5168c6ccb91066f7639bdc88b48adda990db10c8c0b/tomli-2.2.1-cp312-cp312-musllinux_1_2_aarch64.whl", hash = "sha256:400e720fe168c0f8521520190686ef8ef033fb19fc493da09779e592861b78c6", size = 237243 },
    { url = "https://files.pythonhosted.org/packages/b4/04/885d3b1f650e1153cbb93a6a9782c58a972b94ea4483ae4ac5cedd5e4a09/tomli-2.2.1-cp312-cp312-musllinux_1_2_i686.whl", hash = "sha256:02abe224de6ae62c19f090f68da4e27b10af2b93213d36cf44e6e1c5abd19fdd", size = 259645 },
    { url = "https://files.pythonhosted.org/packages/9c/de/6b432d66e986e501586da298e28ebeefd3edc2c780f3ad73d22566034239/tomli-2.2.1-cp312-cp312-musllinux_1_2_x86_64.whl", hash = "sha256:b82ebccc8c8a36f2094e969560a1b836758481f3dc360ce9a3277c65f374285e", size = 244584 },
    { url = "https://files.pythonhosted.org/packages/1c/9a/47c0449b98e6e7d1be6cbac02f93dd79003234ddc4aaab6ba07a9a7482e2/tomli-2.2.1-cp312-cp312-win32.whl", hash = "sha256:889f80ef92701b9dbb224e49ec87c645ce5df3fa2cc548664eb8a25e03127a98", size = 98875 },
    { url = "https://files.pythonhosted.org/packages/ef/60/9b9638f081c6f1261e2688bd487625cd1e660d0a85bd469e91d8db969734/tomli-2.2.1-cp312-cp312-win_amd64.whl", hash = "sha256:7fc04e92e1d624a4a63c76474610238576942d6b8950a2d7f908a340494e67e4", size = 109418 },
    { url = "https://files.pythonhosted.org/packages/04/90/2ee5f2e0362cb8a0b6499dc44f4d7d48f8fff06d28ba46e6f1eaa61a1388/tomli-2.2.1-cp313-cp313-macosx_10_13_x86_64.whl", hash = "sha256:f4039b9cbc3048b2416cc57ab3bda989a6fcf9b36cf8937f01a6e731b64f80d7", size = 132708 },
    { url = "https://files.pythonhosted.org/packages/c0/ec/46b4108816de6b385141f082ba99e315501ccd0a2ea23db4a100dd3990ea/tomli-2.2.1-cp313-cp313-macosx_11_0_arm64.whl", hash = "sha256:286f0ca2ffeeb5b9bd4fcc8d6c330534323ec51b2f52da063b11c502da16f30c", size = 123582 },
    { url = "https://files.pythonhosted.org/packages/a0/bd/b470466d0137b37b68d24556c38a0cc819e8febe392d5b199dcd7f578365/tomli-2.2.1-cp313-cp313-manylinux_2_17_aarch64.manylinux2014_aarch64.whl", hash = "sha256:a92ef1a44547e894e2a17d24e7557a5e85a9e1d0048b0b5e7541f76c5032cb13", size = 232543 },
    { url = "https://files.pythonhosted.org/packages/d9/e5/82e80ff3b751373f7cead2815bcbe2d51c895b3c990686741a8e56ec42ab/tomli-2.2.1-cp313-cp313-manylinux_2_17_x86_64.manylinux2014_x86_64.whl", hash = "sha256:9316dc65bed1684c9a98ee68759ceaed29d229e985297003e494aa825ebb0281", size = 241691 },
    { url = "https://files.pythonhosted.org/packages/05/7e/2a110bc2713557d6a1bfb06af23dd01e7dde52b6ee7dadc589868f9abfac/tomli-2.2.1-cp313-cp313-manylinux_2_5_i686.manylinux1_i686.manylinux_2_17_i686.manylinux2014_i686.whl", hash = "sha256:e85e99945e688e32d5a35c1ff38ed0b3f41f43fad8df0bdf79f72b2ba7bc5272", size = 251170 },
    { url = "https://files.pythonhosted.org/packages/64/7b/22d713946efe00e0adbcdfd6d1aa119ae03fd0b60ebed51ebb3fa9f5a2e5/tomli-2.2.1-cp313-cp313-musllinux_1_2_aarch64.whl", hash = "sha256:ac065718db92ca818f8d6141b5f66369833d4a80a9d74435a268c52bdfa73140", size = 236530 },
    { url = "https://files.pythonhosted.org/packages/38/31/3a76f67da4b0cf37b742ca76beaf819dca0ebef26d78fc794a576e08accf/tomli-2.2.1-cp313-cp313-musllinux_1_2_i686.whl", hash = "sha256:d920f33822747519673ee656a4b6ac33e382eca9d331c87770faa3eef562aeb2", size = 258666 },
    { url = "https://files.pythonhosted.org/packages/07/10/5af1293da642aded87e8a988753945d0cf7e00a9452d3911dd3bb354c9e2/tomli-2.2.1-cp313-cp313-musllinux_1_2_x86_64.whl", hash = "sha256:a198f10c4d1b1375d7687bc25294306e551bf1abfa4eace6650070a5c1ae2744", size = 243954 },
    { url = "https://files.pythonhosted.org/packages/5b/b9/1ed31d167be802da0fc95020d04cd27b7d7065cc6fbefdd2f9186f60d7bd/tomli-2.2.1-cp313-cp313-win32.whl", hash = "sha256:d3f5614314d758649ab2ab3a62d4f2004c825922f9e370b29416484086b264ec", size = 98724 },
    { url = "https://files.pythonhosted.org/packages/c7/32/b0963458706accd9afcfeb867c0f9175a741bf7b19cd424230714d722198/tomli-2.2.1-cp313-cp313-win_amd64.whl", hash = "sha256:a38aa0308e754b0e3c67e344754dff64999ff9b513e691d0e786265c93583c69", size = 109383 },
    { url = "https://files.pythonhosted.org/packages/6e/c2/61d3e0f47e2b74ef40a68b9e6ad5984f6241a942f7cd3bbfbdbd03861ea9/tomli-2.2.1-py3-none-any.whl", hash = "sha256:cb55c73c5f4408779d0cf3eef9f762b9c9f147a77de7b258bef0a5628adc85cc", size = 14257 },
]

[[package]]
name = "toolz"
version = "1.0.0"
source = { registry = "https://pypi.org/simple" }
sdist = { url = "https://files.pythonhosted.org/packages/8a/0b/d80dfa675bf592f636d1ea0b835eab4ec8df6e9415d8cfd766df54456123/toolz-1.0.0.tar.gz", hash = "sha256:2c86e3d9a04798ac556793bced838816296a2f085017664e4995cb40a1047a02", size = 66790 }
wheels = [
    { url = "https://files.pythonhosted.org/packages/03/98/eb27cc78ad3af8e302c9d8ff4977f5026676e130d28dd7578132a457170c/toolz-1.0.0-py3-none-any.whl", hash = "sha256:292c8f1c4e7516bf9086f8850935c799a874039c8bcf959d47b600e4c44a6236", size = 56383 },
]

[[package]]
name = "typing-extensions"
version = "4.12.2"
source = { registry = "https://pypi.org/simple" }
sdist = { url = "https://files.pythonhosted.org/packages/df/db/f35a00659bc03fec321ba8bce9420de607a1d37f8342eee1863174c69557/typing_extensions-4.12.2.tar.gz", hash = "sha256:1a7ead55c7e559dd4dee8856e3a88b41225abfe1ce8df57b7c13915fe121ffb8", size = 85321 }
wheels = [
    { url = "https://files.pythonhosted.org/packages/26/9f/ad63fc0248c5379346306f8668cda6e2e2e9c95e01216d2b8ffd9ff037d0/typing_extensions-4.12.2-py3-none-any.whl", hash = "sha256:04e5ca0351e0f3f85c6853954072df659d0d13fac324d0072316b67d7794700d", size = 37438 },
]
